
Microsoft Visual Studio Solution File, Format Version 12.00
# Visual Studio 15
VisualStudioVersion = 15.0.28307.168
MinimumVisualStudioVersion = 10.0.40219.1
Project("{FAE04EC0-301F-11D3-BF4B-00C04F79EFBC}") = "Lesson1ClassWork", "Lesson1ClassWork\Lesson1ClassWork.csproj", "{09650CA8-066E-44B6-B4AC-E3058526FA16}"
EndProject
Global
	GlobalSection(SolutionConfigurationPlatforms) = preSolution
		Debug|Any CPU = Debug|Any CPU
		Release|Any CPU = Release|Any CPU
	EndGlobalSection
	GlobalSection(ProjectConfigurationPlatforms) = postSolution
		{09650CA8-066E-44B6-B4AC-E3058526FA16}.Debug|Any CPU.ActiveCfg = Debug|Any CPU
		{09650CA8-066E-44B6-B4AC-E3058526FA16}.Debug|Any CPU.Build.0 = Debug|Any CPU
		{09650CA8-066E-44B6-B4AC-E3058526FA16}.Release|Any CPU.ActiveCfg = Release|Any CPU
		{09650CA8-066E-44B6-B4AC-E3058526FA16}.Release|Any CPU.Build.0 = Release|Any CPU
	EndGlobalSection
	GlobalSection(SolutionProperties) = preSolution
		HideSolutionNode = FALSE
	EndGlobalSection
	GlobalSection(ExtensibilityGlobals) = postSolution
		SolutionGuid = {C48A3FB4-3CA6-4058-8DA4-A4F0B46058E8}
	EndGlobalSection
EndGlobal
