
Microsoft Visual Studio Solution File, Format Version 12.00
# Visual Studio 15
VisualStudioVersion = 15.0.28307.168
MinimumVisualStudioVersion = 10.0.40219.1
Project("{FAE04EC0-301F-11D3-BF4B-00C04F79EFBC}") = "WarmUp", "WarmUp\WarmUp.csproj", "{0AC1C25B-CFF1-4B43-BF64-48BB69853F6F}"
EndProject
Global
	GlobalSection(SolutionConfigurationPlatforms) = preSolution
		Debug|Any CPU = Debug|Any CPU
		Release|Any CPU = Release|Any CPU
	EndGlobalSection
	GlobalSection(ProjectConfigurationPlatforms) = postSolution
		{0AC1C25B-CFF1-4B43-BF64-48BB69853F6F}.Debug|Any CPU.ActiveCfg = Debug|Any CPU
		{0AC1C25B-CFF1-4B43-BF64-48BB69853F6F}.Debug|Any CPU.Build.0 = Debug|Any CPU
		{0AC1C25B-CFF1-4B43-BF64-48BB69853F6F}.Release|Any CPU.ActiveCfg = Release|Any CPU
		{0AC1C25B-CFF1-4B43-BF64-48BB69853F6F}.Release|Any CPU.Build.0 = Release|Any CPU
	EndGlobalSection
	GlobalSection(SolutionProperties) = preSolution
		HideSolutionNode = FALSE
	EndGlobalSection
	GlobalSection(ExtensibilityGlobals) = postSolution
		SolutionGuid = {DE168E0D-4043-40B6-9140-AFE6E841A3E9}
	EndGlobalSection
EndGlobal
