
Microsoft Visual Studio Solution File, Format Version 12.00
# Visual Studio 15
VisualStudioVersion = 15.0.28307.168
MinimumVisualStudioVersion = 10.0.40219.1
Project("{FAE04EC0-301F-11D3-BF4B-00C04F79EFBC}") = "Lesson8Project", "Lesson8Project\Lesson8Project.csproj", "{2CD12317-8E11-4835-9478-C35EE05B3D59}"
EndProject
Global
	GlobalSection(SolutionConfigurationPlatforms) = preSolution
		Debug|Any CPU = Debug|Any CPU
		Release|Any CPU = Release|Any CPU
	EndGlobalSection
	GlobalSection(ProjectConfigurationPlatforms) = postSolution
		{2CD12317-8E11-4835-9478-C35EE05B3D59}.Debug|Any CPU.ActiveCfg = Debug|Any CPU
		{2CD12317-8E11-4835-9478-C35EE05B3D59}.Debug|Any CPU.Build.0 = Debug|Any CPU
		{2CD12317-8E11-4835-9478-C35EE05B3D59}.Release|Any CPU.ActiveCfg = Release|Any CPU
		{2CD12317-8E11-4835-9478-C35EE05B3D59}.Release|Any CPU.Build.0 = Release|Any CPU
	EndGlobalSection
	GlobalSection(SolutionProperties) = preSolution
		HideSolutionNode = FALSE
	EndGlobalSection
	GlobalSection(ExtensibilityGlobals) = postSolution
		SolutionGuid = {B04A4EE7-03F8-4D3C-BB1A-C5CA2DEAAF17}
	EndGlobalSection
EndGlobal
