
Microsoft Visual Studio Solution File, Format Version 12.00
# Visual Studio 15
VisualStudioVersion = 15.0.28307.168
MinimumVisualStudioVersion = 10.0.40219.1
Project("{FAE04EC0-301F-11D3-BF4B-00C04F79EFBC}") = "HelloWorld", "HelloWorld\HelloWorld.csproj", "{40597B4A-164A-41BE-BCA5-D700276A4CF0}"
EndProject
Global
	GlobalSection(SolutionConfigurationPlatforms) = preSolution
		Debug|Any CPU = Debug|Any CPU
		Release|Any CPU = Release|Any CPU
	EndGlobalSection
	GlobalSection(ProjectConfigurationPlatforms) = postSolution
		{40597B4A-164A-41BE-BCA5-D700276A4CF0}.Debug|Any CPU.ActiveCfg = Debug|Any CPU
		{40597B4A-164A-41BE-BCA5-D700276A4CF0}.Debug|Any CPU.Build.0 = Debug|Any CPU
		{40597B4A-164A-41BE-BCA5-D700276A4CF0}.Release|Any CPU.ActiveCfg = Release|Any CPU
		{40597B4A-164A-41BE-BCA5-D700276A4CF0}.Release|Any CPU.Build.0 = Release|Any CPU
	EndGlobalSection
	GlobalSection(SolutionProperties) = preSolution
		HideSolutionNode = FALSE
	EndGlobalSection
	GlobalSection(ExtensibilityGlobals) = postSolution
		SolutionGuid = {5146C1F5-4BF6-4536-9EED-2665DD7239DB}
	EndGlobalSection
EndGlobal
