
Microsoft Visual Studio Solution File, Format Version 12.00
# Visual Studio 15
VisualStudioVersion = 15.0.28307.168
MinimumVisualStudioVersion = 10.0.40219.1
Project("{FAE04EC0-301F-11D3-BF4B-00C04F79EFBC}") = "Lesson3ExitTicket", "Lesson3ExitTicket\Lesson3ExitTicket.csproj", "{57DCF296-9FF9-4344-BC32-A714AB796134}"
EndProject
Global
	GlobalSection(SolutionConfigurationPlatforms) = preSolution
		Debug|Any CPU = Debug|Any CPU
		Release|Any CPU = Release|Any CPU
	EndGlobalSection
	GlobalSection(ProjectConfigurationPlatforms) = postSolution
		{57DCF296-9FF9-4344-BC32-A714AB796134}.Debug|Any CPU.ActiveCfg = Debug|Any CPU
		{57DCF296-9FF9-4344-BC32-A714AB796134}.Debug|Any CPU.Build.0 = Debug|Any CPU
		{57DCF296-9FF9-4344-BC32-A714AB796134}.Release|Any CPU.ActiveCfg = Release|Any CPU
		{57DCF296-9FF9-4344-BC32-A714AB796134}.Release|Any CPU.Build.0 = Release|Any CPU
	EndGlobalSection
	GlobalSection(SolutionProperties) = preSolution
		HideSolutionNode = FALSE
	EndGlobalSection
	GlobalSection(ExtensibilityGlobals) = postSolution
		SolutionGuid = {B796A199-4A86-400C-BCAA-A32453857DCF}
	EndGlobalSection
EndGlobal
