
Microsoft Visual Studio Solution File, Format Version 12.00
# Visual Studio 15
VisualStudioVersion = 15.0.28307.168
MinimumVisualStudioVersion = 10.0.40219.1
Project("{FAE04EC0-301F-11D3-BF4B-00C04F79EFBC}") = "Lesson4ClassWork", "Lesson4ClassWork\Lesson4ClassWork.csproj", "{FED6E2D2-BA0F-4EE0-B8C7-DE940A28FD25}"
EndProject
Global
	GlobalSection(SolutionConfigurationPlatforms) = preSolution
		Debug|Any CPU = Debug|Any CPU
		Release|Any CPU = Release|Any CPU
	EndGlobalSection
	GlobalSection(ProjectConfigurationPlatforms) = postSolution
		{FED6E2D2-BA0F-4EE0-B8C7-DE940A28FD25}.Debug|Any CPU.ActiveCfg = Debug|Any CPU
		{FED6E2D2-BA0F-4EE0-B8C7-DE940A28FD25}.Debug|Any CPU.Build.0 = Debug|Any CPU
		{FED6E2D2-BA0F-4EE0-B8C7-DE940A28FD25}.Release|Any CPU.ActiveCfg = Release|Any CPU
		{FED6E2D2-BA0F-4EE0-B8C7-DE940A28FD25}.Release|Any CPU.Build.0 = Release|Any CPU
	EndGlobalSection
	GlobalSection(SolutionProperties) = preSolution
		HideSolutionNode = FALSE
	EndGlobalSection
	GlobalSection(ExtensibilityGlobals) = postSolution
		SolutionGuid = {4733A121-BD38-4492-A519-551C01BEED6A}
	EndGlobalSection
EndGlobal
