
Microsoft Visual Studio Solution File, Format Version 12.00
# Visual Studio 15
VisualStudioVersion = 15.0.28307.168
MinimumVisualStudioVersion = 10.0.40219.1
Project("{FAE04EC0-301F-11D3-BF4B-00C04F79EFBC}") = "Lesson1SandBox", "Lesson1SandBox\Lesson1SandBox.csproj", "{221EEB1D-6F34-420F-8A4C-EC03109606F8}"
EndProject
Global
	GlobalSection(SolutionConfigurationPlatforms) = preSolution
		Debug|Any CPU = Debug|Any CPU
		Release|Any CPU = Release|Any CPU
	EndGlobalSection
	GlobalSection(ProjectConfigurationPlatforms) = postSolution
		{221EEB1D-6F34-420F-8A4C-EC03109606F8}.Debug|Any CPU.ActiveCfg = Debug|Any CPU
		{221EEB1D-6F34-420F-8A4C-EC03109606F8}.Debug|Any CPU.Build.0 = Debug|Any CPU
		{221EEB1D-6F34-420F-8A4C-EC03109606F8}.Release|Any CPU.ActiveCfg = Release|Any CPU
		{221EEB1D-6F34-420F-8A4C-EC03109606F8}.Release|Any CPU.Build.0 = Release|Any CPU
	EndGlobalSection
	GlobalSection(SolutionProperties) = preSolution
		HideSolutionNode = FALSE
	EndGlobalSection
	GlobalSection(ExtensibilityGlobals) = postSolution
		SolutionGuid = {0FC4F187-4B91-4B66-9624-48CB5EB985DB}
	EndGlobalSection
EndGlobal
